// !$*UTF8*$!
{
	archiveVersion = 1;
	classes = {
	};
	objectVersion = 46;
	objects = {

/* Begin PBXBuildFile section */
		61658FD81B867C5D000CCC7A /* main.m in Sources */ = {isa = PBXBuildFile; fileRef = 61658FD71B867C5D000CCC7A /* main.m */; };
		61658FDB1B867C5D000CCC7A /* AppDelegate.m in Sources */ = {isa = PBXBuildFile; fileRef = 61658FDA1B867C5D000CCC7A /* AppDelegate.m */; };
		61658FDE1B867C5D000CCC7A /* LogInViewController.m in Sources */ = {isa = PBXBuildFile; fileRef = 61658FDD1B867C5D000CCC7A /* LogInViewController.m */; };
		61658FE11B867C5D000CCC7A /* Main.storyboard in Resources */ = {isa = PBXBuildFile; fileRef = 61658FDF1B867C5D000CCC7A /* Main.storyboard */; };
		61658FE31B867C5D000CCC7A /* Images.xcassets in Resources */ = {isa = PBXBuildFile; fileRef = 61658FE21B867C5D000CCC7A /* Images.xcassets */; };
		61658FE61B867C5D000CCC7A /* LaunchScreen.xib in Resources */ = {isa = PBXBuildFile; fileRef = 61658FE41B867C5D000CCC7A /* LaunchScreen.xib */; };
		61658FF21B867C5D000CCC7A /* MyKidTrackerTests.m in Sources */ = {isa = PBXBuildFile; fileRef = 61658FF11B867C5D000CCC7A /* MyKidTrackerTests.m */; };
		616590081B867C87000CCC7A /* RegisterViewController.m in Sources */ = {isa = PBXBuildFile; fileRef = 61658FFC1B867C87000CCC7A /* RegisterViewController.m */; };
		616590091B867C87000CCC7A /* MasterViewController.m in Sources */ = {isa = PBXBuildFile; fileRef = 61658FFE1B867C87000CCC7A /* MasterViewController.m */; };
		6165900A1B867C87000CCC7A /* KidDetailsViewController.m in Sources */ = {isa = PBXBuildFile; fileRef = 616590001B867C87000CCC7A /* KidDetailsViewController.m */; };
		6165900B1B867C87000CCC7A /* DetailViewController.m in Sources */ = {isa = PBXBuildFile; fileRef = 616590021B867C87000CCC7A /* DetailViewController.m */; };
		6165900C1B867C87000CCC7A /* ChildTimeSheetViewController.m in Sources */ = {isa = PBXBuildFile; fileRef = 616590041B867C87000CCC7A /* ChildTimeSheetViewController.m */; };
		6165900D1B867C87000CCC7A /* ChildDetailViewController.m in Sources */ = {isa = PBXBuildFile; fileRef = 616590061B867C87000CCC7A /* ChildDetailViewController.m */; };
		6165900E1B867C87000CCC7A /* download.jpeg in Resources */ = {isa = PBXBuildFile; fileRef = 616590071B867C87000CCC7A /* download.jpeg */; };
		616590111B867DC0000CCC7A /* MapViewController.m in Sources */ = {isa = PBXBuildFile; fileRef = 616590101B867DC0000CCC7A /* MapViewController.m */; };
		616590131B867DF5000CCC7A /* MapKit.framework in Frameworks */ = {isa = PBXBuildFile; fileRef = 616590121B867DF5000CCC7A /* MapKit.framework */; };
		616590151B86823A000CCC7A /* CoreLocation.framework in Frameworks */ = {isa = PBXBuildFile; fileRef = 616590141B86823A000CCC7A /* CoreLocation.framework */; };
		616590191B868A7D000CCC7A /* Model.xcdatamodeld in Sources */ = {isa = PBXBuildFile; fileRef = 616590171B868A7D000CCC7A /* Model.xcdatamodeld */; };
		6165901C1B86901B000CCC7A /* Stack.m in Sources */ = {isa = PBXBuildFile; fileRef = 6165901B1B86901B000CCC7A /* Stack.m */; };
		6168F0251B86B128003F175F /* ChildController.m in Sources */ = {isa = PBXBuildFile; fileRef = 6168F0241B86B128003F175F /* ChildController.m */; };
		6168F0281B86B132003F175F /* CheckInController.m in Sources */ = {isa = PBXBuildFile; fileRef = 6168F0271B86B132003F175F /* CheckInController.m */; };
		6168F02B1B86B141003F175F /* ToDoItemController.m in Sources */ = {isa = PBXBuildFile; fileRef = 6168F02A1B86B141003F175F /* ToDoItemController.m */; };
		6168F02E1B86B14D003F175F /* UserController.m in Sources */ = {isa = PBXBuildFile; fileRef = 6168F02D1B86B14D003F175F /* UserController.m */; };
		6168F0311B86B157003F175F /* LocationController.m in Sources */ = {isa = PBXBuildFile; fileRef = 6168F0301B86B157003F175F /* LocationController.m */; };
		6168F0361B86C02D003F175F /* LocationAnnotation.m in Sources */ = {isa = PBXBuildFile; fileRef = 6168F0351B86C02D003F175F /* LocationAnnotation.m */; };
		61CFB1201B88D58000946AD3 /* Family.m in Sources */ = {isa = PBXBuildFile; fileRef = 61CFB11F1B88D58000946AD3 /* Family.m */; };
		61CFB1231B88D58000946AD3 /* Child.m in Sources */ = {isa = PBXBuildFile; fileRef = 61CFB1221B88D58000946AD3 /* Child.m */; };
		61CFB1261B88D58000946AD3 /* Location.m in Sources */ = {isa = PBXBuildFile; fileRef = 61CFB1251B88D58000946AD3 /* Location.m */; };
		61CFB1291B88D58000946AD3 /* ToDoItem.m in Sources */ = {isa = PBXBuildFile; fileRef = 61CFB1281B88D58000946AD3 /* ToDoItem.m */; };
		61CFB12C1B88D58000946AD3 /* CheckIn.m in Sources */ = {isa = PBXBuildFile; fileRef = 61CFB12B1B88D58000946AD3 /* CheckIn.m */; };
		61CFB1321B88D58000946AD3 /* Parent.m in Sources */ = {isa = PBXBuildFile; fileRef = 61CFB1311B88D58000946AD3 /* Parent.m */; };
		61CFB1351B88D63100946AD3 /* User.m in Sources */ = {isa = PBXBuildFile; fileRef = 61CFB1341B88D63100946AD3 /* User.m */; };
		61CFB1381B88ED2B00946AD3 /* ParentOptionsTableViewController.m in Sources */ = {isa = PBXBuildFile; fileRef = 61CFB1371B88ED2B00946AD3 /* ParentOptionsTableViewController.m */; };
		61CFB13B1B88EFDD00946AD3 /* SetNewLocationMapViewController.m in Sources */ = {isa = PBXBuildFile; fileRef = 61CFB13A1B88EFDD00946AD3 /* SetNewLocationMapViewController.m */; };
		61CFB1411B88F6C400946AD3 /* NewLocationTableViewController.m in Sources */ = {isa = PBXBuildFile; fileRef = 61CFB1401B88F6C400946AD3 /* NewLocationTableViewController.m */; };
/* End PBXBuildFile section */

/* Begin PBXContainerItemProxy section */
		61658FEC1B867C5D000CCC7A /* PBXContainerItemProxy */ = {
			isa = PBXContainerItemProxy;
			containerPortal = 61658FCA1B867C5D000CCC7A /* Project object */;
			proxyType = 1;
			remoteGlobalIDString = 61658FD11B867C5D000CCC7A;
			remoteInfo = MyKidTracker;
		};
/* End PBXContainerItemProxy section */

/* Begin PBXFileReference section */
		61658FD21B867C5D000CCC7A /* MyKidTracker.app */ = {isa = PBXFileReference; explicitFileType = wrapper.application; includeInIndex = 0; path = MyKidTracker.app; sourceTree = BUILT_PRODUCTS_DIR; };
		61658FD61B867C5D000CCC7A /* Info.plist */ = {isa = PBXFileReference; lastKnownFileType = text.plist.xml; path = Info.plist; sourceTree = "<group>"; };
		61658FD71B867C5D000CCC7A /* main.m */ = {isa = PBXFileReference; lastKnownFileType = sourcecode.c.objc; path = main.m; sourceTree = "<group>"; };
		61658FD91B867C5D000CCC7A /* AppDelegate.h */ = {isa = PBXFileReference; lastKnownFileType = sourcecode.c.h; path = AppDelegate.h; sourceTree = "<group>"; };
		61658FDA1B867C5D000CCC7A /* AppDelegate.m */ = {isa = PBXFileReference; lastKnownFileType = sourcecode.c.objc; path = AppDelegate.m; sourceTree = "<group>"; };
		61658FDC1B867C5D000CCC7A /* LogInViewController.h */ = {isa = PBXFileReference; lastKnownFileType = sourcecode.c.h; path = LogInViewController.h; sourceTree = "<group>"; };
		61658FDD1B867C5D000CCC7A /* LogInViewController.m */ = {isa = PBXFileReference; lastKnownFileType = sourcecode.c.objc; path = LogInViewController.m; sourceTree = "<group>"; };
		61658FE01B867C5D000CCC7A /* Base */ = {isa = PBXFileReference; lastKnownFileType = file.storyboard; name = Base; path = Base.lproj/Main.storyboard; sourceTree = "<group>"; };
		61658FE21B867C5D000CCC7A /* Images.xcassets */ = {isa = PBXFileReference; lastKnownFileType = folder.assetcatalog; path = Images.xcassets; sourceTree = "<group>"; };
		61658FE51B867C5D000CCC7A /* Base */ = {isa = PBXFileReference; lastKnownFileType = file.xib; name = Base; path = Base.lproj/LaunchScreen.xib; sourceTree = "<group>"; };
		61658FEB1B867C5D000CCC7A /* MyKidTrackerTests.xctest */ = {isa = PBXFileReference; explicitFileType = wrapper.cfbundle; includeInIndex = 0; path = MyKidTrackerTests.xctest; sourceTree = BUILT_PRODUCTS_DIR; };
		61658FF01B867C5D000CCC7A /* Info.plist */ = {isa = PBXFileReference; lastKnownFileType = text.plist.xml; path = Info.plist; sourceTree = "<group>"; };
		61658FF11B867C5D000CCC7A /* MyKidTrackerTests.m */ = {isa = PBXFileReference; lastKnownFileType = sourcecode.c.objc; path = MyKidTrackerTests.m; sourceTree = "<group>"; };
		61658FFB1B867C87000CCC7A /* RegisterViewController.h */ = {isa = PBXFileReference; fileEncoding = 4; lastKnownFileType = sourcecode.c.h; path = RegisterViewController.h; sourceTree = "<group>"; };
		61658FFC1B867C87000CCC7A /* RegisterViewController.m */ = {isa = PBXFileReference; fileEncoding = 4; lastKnownFileType = sourcecode.c.objc; path = RegisterViewController.m; sourceTree = "<group>"; };
		61658FFD1B867C87000CCC7A /* MasterViewController.h */ = {isa = PBXFileReference; fileEncoding = 4; lastKnownFileType = sourcecode.c.h; path = MasterViewController.h; sourceTree = "<group>"; };
		61658FFE1B867C87000CCC7A /* MasterViewController.m */ = {isa = PBXFileReference; fileEncoding = 4; lastKnownFileType = sourcecode.c.objc; path = MasterViewController.m; sourceTree = "<group>"; };
		61658FFF1B867C87000CCC7A /* KidDetailsViewController.h */ = {isa = PBXFileReference; fileEncoding = 4; lastKnownFileType = sourcecode.c.h; path = KidDetailsViewController.h; sourceTree = "<group>"; };
		616590001B867C87000CCC7A /* KidDetailsViewController.m */ = {isa = PBXFileReference; fileEncoding = 4; lastKnownFileType = sourcecode.c.objc; path = KidDetailsViewController.m; sourceTree = "<group>"; };
		616590011B867C87000CCC7A /* DetailViewController.h */ = {isa = PBXFileReference; fileEncoding = 4; lastKnownFileType = sourcecode.c.h; path = DetailViewController.h; sourceTree = "<group>"; };
		616590021B867C87000CCC7A /* DetailViewController.m */ = {isa = PBXFileReference; fileEncoding = 4; lastKnownFileType = sourcecode.c.objc; path = DetailViewController.m; sourceTree = "<group>"; };
		616590031B867C87000CCC7A /* ChildTimeSheetViewController.h */ = {isa = PBXFileReference; fileEncoding = 4; lastKnownFileType = sourcecode.c.h; path = ChildTimeSheetViewController.h; sourceTree = "<group>"; };
		616590041B867C87000CCC7A /* ChildTimeSheetViewController.m */ = {isa = PBXFileReference; fileEncoding = 4; lastKnownFileType = sourcecode.c.objc; path = ChildTimeSheetViewController.m; sourceTree = "<group>"; };
		616590051B867C87000CCC7A /* ChildDetailViewController.h */ = {isa = PBXFileReference; fileEncoding = 4; lastKnownFileType = sourcecode.c.h; path = ChildDetailViewController.h; sourceTree = "<group>"; };
		616590061B867C87000CCC7A /* ChildDetailViewController.m */ = {isa = PBXFileReference; fileEncoding = 4; lastKnownFileType = sourcecode.c.objc; path = ChildDetailViewController.m; sourceTree = "<group>"; };
		616590071B867C87000CCC7A /* download.jpeg */ = {isa = PBXFileReference; lastKnownFileType = image.jpeg; path = download.jpeg; sourceTree = "<group>"; };
		6165900F1B867DC0000CCC7A /* MapViewController.h */ = {isa = PBXFileReference; fileEncoding = 4; lastKnownFileType = sourcecode.c.h; path = MapViewController.h; sourceTree = "<group>"; };
		616590101B867DC0000CCC7A /* MapViewController.m */ = {isa = PBXFileReference; fileEncoding = 4; lastKnownFileType = sourcecode.c.objc; path = MapViewController.m; sourceTree = "<group>"; };
		616590121B867DF5000CCC7A /* MapKit.framework */ = {isa = PBXFileReference; lastKnownFileType = wrapper.framework; name = MapKit.framework; path = System/Library/Frameworks/MapKit.framework; sourceTree = SDKROOT; };
		616590141B86823A000CCC7A /* CoreLocation.framework */ = {isa = PBXFileReference; lastKnownFileType = wrapper.framework; name = CoreLocation.framework; path = System/Library/Frameworks/CoreLocation.framework; sourceTree = SDKROOT; };
		616590181B868A7D000CCC7A /* Model.xcdatamodel */ = {isa = PBXFileReference; lastKnownFileType = wrapper.xcdatamodel; path = Model.xcdatamodel; sourceTree = "<group>"; };
		6165901A1B86901B000CCC7A /* Stack.h */ = {isa = PBXFileReference; fileEncoding = 4; lastKnownFileType = sourcecode.c.h; path = Stack.h; sourceTree = "<group>"; };
		6165901B1B86901B000CCC7A /* Stack.m */ = {isa = PBXFileReference; fileEncoding = 4; lastKnownFileType = sourcecode.c.objc; path = Stack.m; sourceTree = "<group>"; };
		6168F0231B86B128003F175F /* ChildController.h */ = {isa = PBXFileReference; fileEncoding = 4; lastKnownFileType = sourcecode.c.h; path = ChildController.h; sourceTree = "<group>"; };
		6168F0241B86B128003F175F /* ChildController.m */ = {isa = PBXFileReference; fileEncoding = 4; lastKnownFileType = sourcecode.c.objc; path = ChildController.m; sourceTree = "<group>"; };
		6168F0261B86B132003F175F /* CheckInController.h */ = {isa = PBXFileReference; fileEncoding = 4; lastKnownFileType = sourcecode.c.h; path = CheckInController.h; sourceTree = "<group>"; };
		6168F0271B86B132003F175F /* CheckInController.m */ = {isa = PBXFileReference; fileEncoding = 4; lastKnownFileType = sourcecode.c.objc; path = CheckInController.m; sourceTree = "<group>"; };
		6168F0291B86B140003F175F /* ToDoItemController.h */ = {isa = PBXFileReference; fileEncoding = 4; lastKnownFileType = sourcecode.c.h; path = ToDoItemController.h; sourceTree = "<group>"; };
		6168F02A1B86B141003F175F /* ToDoItemController.m */ = {isa = PBXFileReference; fileEncoding = 4; lastKnownFileType = sourcecode.c.objc; path = ToDoItemController.m; sourceTree = "<group>"; };
		6168F02C1B86B14D003F175F /* UserController.h */ = {isa = PBXFileReference; fileEncoding = 4; lastKnownFileType = sourcecode.c.h; path = UserController.h; sourceTree = "<group>"; };
		6168F02D1B86B14D003F175F /* UserController.m */ = {isa = PBXFileReference; fileEncoding = 4; lastKnownFileType = sourcecode.c.objc; path = UserController.m; sourceTree = "<group>"; };
		6168F02F1B86B157003F175F /* LocationController.h */ = {isa = PBXFileReference; fileEncoding = 4; lastKnownFileType = sourcecode.c.h; path = LocationController.h; sourceTree = "<group>"; };
		6168F0301B86B157003F175F /* LocationController.m */ = {isa = PBXFileReference; fileEncoding = 4; lastKnownFileType = sourcecode.c.objc; path = LocationController.m; sourceTree = "<group>"; };
		6168F0341B86C02D003F175F /* LocationAnnotation.h */ = {isa = PBXFileReference; fileEncoding = 4; lastKnownFileType = sourcecode.c.h; path = LocationAnnotation.h; sourceTree = "<group>"; };
		6168F0351B86C02D003F175F /* LocationAnnotation.m */ = {isa = PBXFileReference; fileEncoding = 4; lastKnownFileType = sourcecode.c.objc; path = LocationAnnotation.m; sourceTree = "<group>"; };
		61CFB11E1B88D58000946AD3 /* Family.h */ = {isa = PBXFileReference; fileEncoding = 4; lastKnownFileType = sourcecode.c.h; path = Family.h; sourceTree = "<group>"; };
		61CFB11F1B88D58000946AD3 /* Family.m */ = {isa = PBXFileReference; fileEncoding = 4; lastKnownFileType = sourcecode.c.objc; path = Family.m; sourceTree = "<group>"; };
		61CFB1211B88D58000946AD3 /* Child.h */ = {isa = PBXFileReference; fileEncoding = 4; lastKnownFileType = sourcecode.c.h; path = Child.h; sourceTree = "<group>"; };
		61CFB1221B88D58000946AD3 /* Child.m */ = {isa = PBXFileReference; fileEncoding = 4; lastKnownFileType = sourcecode.c.objc; path = Child.m; sourceTree = "<group>"; };
		61CFB1241B88D58000946AD3 /* Location.h */ = {isa = PBXFileReference; fileEncoding = 4; lastKnownFileType = sourcecode.c.h; path = Location.h; sourceTree = "<group>"; };
		61CFB1251B88D58000946AD3 /* Location.m */ = {isa = PBXFileReference; fileEncoding = 4; lastKnownFileType = sourcecode.c.objc; path = Location.m; sourceTree = "<group>"; };
		61CFB1271B88D58000946AD3 /* ToDoItem.h */ = {isa = PBXFileReference; fileEncoding = 4; lastKnownFileType = sourcecode.c.h; path = ToDoItem.h; sourceTree = "<group>"; };
		61CFB1281B88D58000946AD3 /* ToDoItem.m */ = {isa = PBXFileReference; fileEncoding = 4; lastKnownFileType = sourcecode.c.objc; path = ToDoItem.m; sourceTree = "<group>"; };
		61CFB12A1B88D58000946AD3 /* CheckIn.h */ = {isa = PBXFileReference; fileEncoding = 4; lastKnownFileType = sourcecode.c.h; path = CheckIn.h; sourceTree = "<group>"; };
		61CFB12B1B88D58000946AD3 /* CheckIn.m */ = {isa = PBXFileReference; fileEncoding = 4; lastKnownFileType = sourcecode.c.objc; path = CheckIn.m; sourceTree = "<group>"; };
		61CFB1301B88D58000946AD3 /* Parent.h */ = {isa = PBXFileReference; fileEncoding = 4; lastKnownFileType = sourcecode.c.h; path = Parent.h; sourceTree = "<group>"; };
		61CFB1311B88D58000946AD3 /* Parent.m */ = {isa = PBXFileReference; fileEncoding = 4; lastKnownFileType = sourcecode.c.objc; path = Parent.m; sourceTree = "<group>"; };
		61CFB1331B88D63100946AD3 /* User.h */ = {isa = PBXFileReference; fileEncoding = 4; lastKnownFileType = sourcecode.c.h; path = User.h; sourceTree = "<group>"; };
		61CFB1341B88D63100946AD3 /* User.m */ = {isa = PBXFileReference; fileEncoding = 4; lastKnownFileType = sourcecode.c.objc; path = User.m; sourceTree = "<group>"; };
		61CFB1361B88ED2B00946AD3 /* ParentOptionsTableViewController.h */ = {isa = PBXFileReference; fileEncoding = 4; lastKnownFileType = sourcecode.c.h; path = ParentOptionsTableViewController.h; sourceTree = "<group>"; };
		61CFB1371B88ED2B00946AD3 /* ParentOptionsTableViewController.m */ = {isa = PBXFileReference; fileEncoding = 4; lastKnownFileType = sourcecode.c.objc; path = ParentOptionsTableViewController.m; sourceTree = "<group>"; };
		61CFB1391B88EFDD00946AD3 /* SetNewLocationMapViewController.h */ = {isa = PBXFileReference; fileEncoding = 4; lastKnownFileType = sourcecode.c.h; path = SetNewLocationMapViewController.h; sourceTree = "<group>"; };
		61CFB13A1B88EFDD00946AD3 /* SetNewLocationMapViewController.m */ = {isa = PBXFileReference; fileEncoding = 4; lastKnownFileType = sourcecode.c.objc; path = SetNewLocationMapViewController.m; sourceTree = "<group>"; };
		61CFB13F1B88F6C400946AD3 /* NewLocationTableViewController.h */ = {isa = PBXFileReference; fileEncoding = 4; lastKnownFileType = sourcecode.c.h; path = NewLocationTableViewController.h; sourceTree = "<group>"; };
		61CFB1401B88F6C400946AD3 /* NewLocationTableViewController.m */ = {isa = PBXFileReference; fileEncoding = 4; lastKnownFileType = sourcecode.c.objc; path = NewLocationTableViewController.m; sourceTree = "<group>"; };
/* End PBXFileReference section */

/* Begin PBXFrameworksBuildPhase section */
		61658FCF1B867C5D000CCC7A /* Frameworks */ = {
			isa = PBXFrameworksBuildPhase;
			buildActionMask = 2147483647;
			files = (
				616590151B86823A000CCC7A /* CoreLocation.framework in Frameworks */,
				616590131B867DF5000CCC7A /* MapKit.framework in Frameworks */,
			);
			runOnlyForDeploymentPostprocessing = 0;
		};
		61658FE81B867C5D000CCC7A /* Frameworks */ = {
			isa = PBXFrameworksBuildPhase;
			buildActionMask = 2147483647;
			files = (
			);
			runOnlyForDeploymentPostprocessing = 0;
		};
/* End PBXFrameworksBuildPhase section */

/* Begin PBXGroup section */
		61658FC91B867C5D000CCC7A = {
			isa = PBXGroup;
			children = (
				61658FD41B867C5D000CCC7A /* MyKidTracker */,
				61658FEE1B867C5D000CCC7A /* MyKidTrackerTests */,
				61658FD31B867C5D000CCC7A /* Products */,
			);
			sourceTree = "<group>";
		};
		61658FD31B867C5D000CCC7A /* Products */ = {
			isa = PBXGroup;
			children = (
				61658FD21B867C5D000CCC7A /* MyKidTracker.app */,
				61658FEB1B867C5D000CCC7A /* MyKidTrackerTests.xctest */,
			);
			name = Products;
			sourceTree = "<group>";
		};
		61658FD41B867C5D000CCC7A /* MyKidTracker */ = {
			isa = PBXGroup;
			children = (
				61658FD91B867C5D000CCC7A /* AppDelegate.h */,
				61658FDA1B867C5D000CCC7A /* AppDelegate.m */,
				61658FDC1B867C5D000CCC7A /* LogInViewController.h */,
				61658FDD1B867C5D000CCC7A /* LogInViewController.m */,
				61658FDF1B867C5D000CCC7A /* Main.storyboard */,
				61CFB13F1B88F6C400946AD3 /* NewLocationTableViewController.h */,
				61CFB1401B88F6C400946AD3 /* NewLocationTableViewController.m */,
				61CFB1391B88EFDD00946AD3 /* SetNewLocationMapViewController.h */,
				61CFB13A1B88EFDD00946AD3 /* SetNewLocationMapViewController.m */,
				61CFB1361B88ED2B00946AD3 /* ParentOptionsTableViewController.h */,
				61CFB1371B88ED2B00946AD3 /* ParentOptionsTableViewController.m */,
				61658FFB1B867C87000CCC7A /* RegisterViewController.h */,
				61658FFC1B867C87000CCC7A /* RegisterViewController.m */,
				61658FFD1B867C87000CCC7A /* MasterViewController.h */,
				61658FFE1B867C87000CCC7A /* MasterViewController.m */,
				61658FFF1B867C87000CCC7A /* KidDetailsViewController.h */,
				616590001B867C87000CCC7A /* KidDetailsViewController.m */,
				616590011B867C87000CCC7A /* DetailViewController.h */,
				616590021B867C87000CCC7A /* DetailViewController.m */,
				6165900F1B867DC0000CCC7A /* MapViewController.h */,
				616590101B867DC0000CCC7A /* MapViewController.m */,
				616590031B867C87000CCC7A /* ChildTimeSheetViewController.h */,
				616590041B867C87000CCC7A /* ChildTimeSheetViewController.m */,
				616590051B867C87000CCC7A /* ChildDetailViewController.h */,
				616590061B867C87000CCC7A /* ChildDetailViewController.m */,
				61658FE21B867C5D000CCC7A /* Images.xcassets */,
				6168F0321B86B171003F175F /* Controllers */,
				616590171B868A7D000CCC7A /* Model.xcdatamodeld */,
				6168F0331B86B184003F175F /* Models */,
				6165901A1B86901B000CCC7A /* Stack.h */,
				6165901B1B86901B000CCC7A /* Stack.m */,
				616590071B867C87000CCC7A /* download.jpeg */,
				61658FE41B867C5D000CCC7A /* LaunchScreen.xib */,
				61658FD51B867C5D000CCC7A /* Supporting Files */,
				616590161B868251000CCC7A /* Frameworks */,
			);
			path = MyKidTracker;
			sourceTree = "<group>";
		};
		61658FD51B867C5D000CCC7A /* Supporting Files */ = {
			isa = PBXGroup;
			children = (
				61658FD61B867C5D000CCC7A /* Info.plist */,
				61658FD71B867C5D000CCC7A /* main.m */,
			);
			name = "Supporting Files";
			sourceTree = "<group>";
		};
		61658FEE1B867C5D000CCC7A /* MyKidTrackerTests */ = {
			isa = PBXGroup;
			children = (
				61658FF11B867C5D000CCC7A /* MyKidTrackerTests.m */,
				61658FEF1B867C5D000CCC7A /* Supporting Files */,
			);
			path = MyKidTrackerTests;
			sourceTree = "<group>";
		};
		61658FEF1B867C5D000CCC7A /* Supporting Files */ = {
			isa = PBXGroup;
			children = (
				61658FF01B867C5D000CCC7A /* Info.plist */,
			);
			name = "Supporting Files";
			sourceTree = "<group>";
		};
		616590161B868251000CCC7A /* Frameworks */ = {
			isa = PBXGroup;
			children = (
				616590141B86823A000CCC7A /* CoreLocation.framework */,
				616590121B867DF5000CCC7A /* MapKit.framework */,
			);
			name = Frameworks;
			path = ..;
			sourceTree = "<group>";
		};
		6168F0321B86B171003F175F /* Controllers */ = {
			isa = PBXGroup;
			children = (
				6168F0231B86B128003F175F /* ChildController.h */,
				6168F0241B86B128003F175F /* ChildController.m */,
				6168F0261B86B132003F175F /* CheckInController.h */,
				6168F0271B86B132003F175F /* CheckInController.m */,
				6168F0291B86B140003F175F /* ToDoItemController.h */,
				6168F02A1B86B141003F175F /* ToDoItemController.m */,
				6168F02C1B86B14D003F175F /* UserController.h */,
				6168F02D1B86B14D003F175F /* UserController.m */,
				6168F02F1B86B157003F175F /* LocationController.h */,
				6168F0301B86B157003F175F /* LocationController.m */,
				6168F0341B86C02D003F175F /* LocationAnnotation.h */,
				6168F0351B86C02D003F175F /* LocationAnnotation.m */,
			);
			name = Controllers;
			sourceTree = "<group>";
		};
		6168F0331B86B184003F175F /* Models */ = {
			isa = PBXGroup;
			children = (
				61CFB1331B88D63100946AD3 /* User.h */,
				61CFB1341B88D63100946AD3 /* User.m */,
				61CFB1301B88D58000946AD3 /* Parent.h */,
				61CFB1311B88D58000946AD3 /* Parent.m */,
				61CFB12A1B88D58000946AD3 /* CheckIn.h */,
				61CFB12B1B88D58000946AD3 /* CheckIn.m */,
				61CFB1271B88D58000946AD3 /* ToDoItem.h */,
				61CFB1281B88D58000946AD3 /* ToDoItem.m */,
				61CFB1241B88D58000946AD3 /* Location.h */,
				61CFB1251B88D58000946AD3 /* Location.m */,
				61CFB1211B88D58000946AD3 /* Child.h */,
				61CFB1221B88D58000946AD3 /* Child.m */,
				61CFB11E1B88D58000946AD3 /* Family.h */,
				61CFB11F1B88D58000946AD3 /* Family.m */,
			);
			name = Models;
			sourceTree = "<group>";
		};
/* End PBXGroup section */

/* Begin PBXNativeTarget section */
		61658FD11B867C5D000CCC7A /* MyKidTracker */ = {
			isa = PBXNativeTarget;
			buildConfigurationList = 61658FF51B867C5D000CCC7A /* Build configuration list for PBXNativeTarget "MyKidTracker" */;
			buildPhases = (
				61658FCE1B867C5D000CCC7A /* Sources */,
				61658FCF1B867C5D000CCC7A /* Frameworks */,
				61658FD01B867C5D000CCC7A /* Resources */,
			);
			buildRules = (
			);
			dependencies = (
			);
			name = MyKidTracker;
			productName = MyKidTracker;
			productReference = 61658FD21B867C5D000CCC7A /* MyKidTracker.app */;
			productType = "com.apple.product-type.application";
		};
		61658FEA1B867C5D000CCC7A /* MyKidTrackerTests */ = {
			isa = PBXNativeTarget;
			buildConfigurationList = 61658FF81B867C5D000CCC7A /* Build configuration list for PBXNativeTarget "MyKidTrackerTests" */;
			buildPhases = (
				61658FE71B867C5D000CCC7A /* Sources */,
				61658FE81B867C5D000CCC7A /* Frameworks */,
				61658FE91B867C5D000CCC7A /* Resources */,
			);
			buildRules = (
			);
			dependencies = (
				61658FED1B867C5D000CCC7A /* PBXTargetDependency */,
			);
			name = MyKidTrackerTests;
			productName = MyKidTrackerTests;
			productReference = 61658FEB1B867C5D000CCC7A /* MyKidTrackerTests.xctest */;
			productType = "com.apple.product-type.bundle.unit-test";
		};
/* End PBXNativeTarget section */

/* Begin PBXProject section */
		61658FCA1B867C5D000CCC7A /* Project object */ = {
			isa = PBXProject;
			attributes = {
				LastUpgradeCheck = 0640;
				ORGANIZATIONNAME = "JC2DEV, LLC";
				TargetAttributes = {
					61658FD11B867C5D000CCC7A = {
						CreatedOnToolsVersion = 6.4;
					};
					61658FEA1B867C5D000CCC7A = {
						CreatedOnToolsVersion = 6.4;
						TestTargetID = 61658FD11B867C5D000CCC7A;
					};
				};
			};
			buildConfigurationList = 61658FCD1B867C5D000CCC7A /* Build configuration list for PBXProject "MyKidTracker" */;
			compatibilityVersion = "Xcode 3.2";
			developmentRegion = English;
			hasScannedForEncodings = 0;
			knownRegions = (
				en,
				Base,
			);
			mainGroup = 61658FC91B867C5D000CCC7A;
			productRefGroup = 61658FD31B867C5D000CCC7A /* Products */;
			projectDirPath = "";
			projectRoot = "";
			targets = (
				61658FD11B867C5D000CCC7A /* MyKidTracker */,
				61658FEA1B867C5D000CCC7A /* MyKidTrackerTests */,
			);
		};
/* End PBXProject section */

/* Begin PBXResourcesBuildPhase section */
		61658FD01B867C5D000CCC7A /* Resources */ = {
			isa = PBXResourcesBuildPhase;
			buildActionMask = 2147483647;
			files = (
				61658FE11B867C5D000CCC7A /* Main.storyboard in Resources */,
				6165900E1B867C87000CCC7A /* download.jpeg in Resources */,
				61658FE61B867C5D000CCC7A /* LaunchScreen.xib in Resources */,
				61658FE31B867C5D000CCC7A /* Images.xcassets in Resources */,
			);
			runOnlyForDeploymentPostprocessing = 0;
		};
		61658FE91B867C5D000CCC7A /* Resources */ = {
			isa = PBXResourcesBuildPhase;
			buildActionMask = 2147483647;
			files = (
			);
			runOnlyForDeploymentPostprocessing = 0;
		};
/* End PBXResourcesBuildPhase section */

/* Begin PBXSourcesBuildPhase section */
		61658FCE1B867C5D000CCC7A /* Sources */ = {
			isa = PBXSourcesBuildPhase;
			buildActionMask = 2147483647;
			files = (
				61CFB1351B88D63100946AD3 /* User.m in Sources */,
				6168F02E1B86B14D003F175F /* UserController.m in Sources */,
				61CFB1261B88D58000946AD3 /* Location.m in Sources */,
				6168F0361B86C02D003F175F /* LocationAnnotation.m in Sources */,
				61CFB12C1B88D58000946AD3 /* CheckIn.m in Sources */,
				61CFB1201B88D58000946AD3 /* Family.m in Sources */,
				61CFB1381B88ED2B00946AD3 /* ParentOptionsTableViewController.m in Sources */,
				6165901C1B86901B000CCC7A /* Stack.m in Sources */,
				6165900A1B867C87000CCC7A /* KidDetailsViewController.m in Sources */,
				61658FDE1B867C5D000CCC7A /* LogInViewController.m in Sources */,
				61CFB13B1B88EFDD00946AD3 /* SetNewLocationMapViewController.m in Sources */,
				6168F02B1B86B141003F175F /* ToDoItemController.m in Sources */,
				6168F0311B86B157003F175F /* LocationController.m in Sources */,
				61658FDB1B867C5D000CCC7A /* AppDelegate.m in Sources */,
				61CFB1291B88D58000946AD3 /* ToDoItem.m in Sources */,
				6165900D1B867C87000CCC7A /* ChildDetailViewController.m in Sources */,
				6168F0281B86B132003F175F /* CheckInController.m in Sources */,
				616590091B867C87000CCC7A /* MasterViewController.m in Sources */,
				6165900C1B867C87000CCC7A /* ChildTimeSheetViewController.m in Sources */,
				61658FD81B867C5D000CCC7A /* main.m in Sources */,
				61CFB1231B88D58000946AD3 /* Child.m in Sources */,
				616590111B867DC0000CCC7A /* MapViewController.m in Sources */,
				61CFB1321B88D58000946AD3 /* Parent.m in Sources */,
				616590081B867C87000CCC7A /* RegisterViewController.m in Sources */,
				616590191B868A7D000CCC7A /* Model.xcdatamodeld in Sources */,
				6168F0251B86B128003F175F /* ChildController.m in Sources */,
				61CFB1411B88F6C400946AD3 /* NewLocationTableViewController.m in Sources */,
				6165900B1B867C87000CCC7A /* DetailViewController.m in Sources */,
			);
			runOnlyForDeploymentPostprocessing = 0;
		};
		61658FE71B867C5D000CCC7A /* Sources */ = {
			isa = PBXSourcesBuildPhase;
			buildActionMask = 2147483647;
			files = (
				61658FF21B867C5D000CCC7A /* MyKidTrackerTests.m in Sources */,
			);
			runOnlyForDeploymentPostprocessing = 0;
		};
/* End PBXSourcesBuildPhase section */

/* Begin PBXTargetDependency section */
		61658FED1B867C5D000CCC7A /* PBXTargetDependency */ = {
			isa = PBXTargetDependency;
			target = 61658FD11B867C5D000CCC7A /* MyKidTracker */;
			targetProxy = 61658FEC1B867C5D000CCC7A /* PBXContainerItemProxy */;
		};
/* End PBXTargetDependency section */

/* Begin PBXVariantGroup section */
		61658FDF1B867C5D000CCC7A /* Main.storyboard */ = {
			isa = PBXVariantGroup;
			children = (
				61658FE01B867C5D000CCC7A /* Base */,
			);
			name = Main.storyboard;
			sourceTree = "<group>";
		};
		61658FE41B867C5D000CCC7A /* LaunchScreen.xib */ = {
			isa = PBXVariantGroup;
			children = (
				61658FE51B867C5D000CCC7A /* Base */,
			);
			name = LaunchScreen.xib;
			sourceTree = "<group>";
		};
/* End PBXVariantGroup section */

/* Begin XCBuildConfiguration section */
		61658FF31B867C5D000CCC7A /* Debug */ = {
			isa = XCBuildConfiguration;
			buildSettings = {
				ALWAYS_SEARCH_USER_PATHS = NO;
				CLANG_CXX_LANGUAGE_STANDARD = "gnu++0x";
				CLANG_CXX_LIBRARY = "libc++";
				CLANG_ENABLE_MODULES = YES;
				CLANG_ENABLE_OBJC_ARC = YES;
				CLANG_WARN_BOOL_CONVERSION = YES;
				CLANG_WARN_CONSTANT_CONVERSION = YES;
				CLANG_WARN_DIRECT_OBJC_ISA_USAGE = YES_ERROR;
				CLANG_WARN_EMPTY_BODY = YES;
				CLANG_WARN_ENUM_CONVERSION = YES;
				CLANG_WARN_INT_CONVERSION = YES;
				CLANG_WARN_OBJC_ROOT_CLASS = YES_ERROR;
				CLANG_WARN_UNREACHABLE_CODE = YES;
				CLANG_WARN__DUPLICATE_METHOD_MATCH = YES;
				"CODE_SIGN_IDENTITY[sdk=iphoneos*]" = "iPhone Developer";
				COPY_PHASE_STRIP = NO;
				DEBUG_INFORMATION_FORMAT = "dwarf-with-dsym";
				ENABLE_STRICT_OBJC_MSGSEND = YES;
				GCC_C_LANGUAGE_STANDARD = gnu99;
				GCC_DYNAMIC_NO_PIC = NO;
				GCC_NO_COMMON_BLOCKS = YES;
				GCC_OPTIMIZATION_LEVEL = 0;
				GCC_PREPROCESSOR_DEFINITIONS = (
					"DEBUG=1",
					"$(inherited)",
				);
				GCC_SYMBOLS_PRIVATE_EXTERN = NO;
				GCC_WARN_64_TO_32_BIT_CONVERSION = YES;
				GCC_WARN_ABOUT_RETURN_TYPE = YES_ERROR;
				GCC_WARN_UNDECLARED_SELECTOR = YES;
				GCC_WARN_UNINITIALIZED_AUTOS = YES_AGGRESSIVE;
				GCC_WARN_UNUSED_FUNCTION = YES;
				GCC_WARN_UNUSED_VARIABLE = YES;
				IPHONEOS_DEPLOYMENT_TARGET = 8.4;
				MTL_ENABLE_DEBUG_INFO = YES;
				ONLY_ACTIVE_ARCH = YES;
				SDKROOT = iphoneos;
				TARGETED_DEVICE_FAMILY = "1,2";
			};
			name = Debug;
		};
		61658FF41B867C5D000CCC7A /* Release */ = {
			isa = XCBuildConfiguration;
			buildSettings = {
				ALWAYS_SEARCH_USER_PATHS = NO;
				CLANG_CXX_LANGUAGE_STANDARD = "gnu++0x";
				CLANG_CXX_LIBRARY = "libc++";
				CLANG_ENABLE_MODULES = YES;
				CLANG_ENABLE_OBJC_ARC = YES;
				CLANG_WARN_BOOL_CONVERSION = YES;
				CLANG_WARN_CONSTANT_CONVERSION = YES;
				CLANG_WARN_DIRECT_OBJC_ISA_USAGE = YES_ERROR;
				CLANG_WARN_EMPTY_BODY = YES;
				CLANG_WARN_ENUM_CONVERSION = YES;
				CLANG_WARN_INT_CONVERSION = YES;
				CLANG_WARN_OBJC_ROOT_CLASS = YES_ERROR;
				CLANG_WARN_UNREACHABLE_CODE = YES;
				CLANG_WARN__DUPLICATE_METHOD_MATCH = YES;
				"CODE_SIGN_IDENTITY[sdk=iphoneos*]" = "iPhone Developer";
				COPY_PHASE_STRIP = NO;
				DEBUG_INFORMATION_FORMAT = "dwarf-with-dsym";
				ENABLE_NS_ASSERTIONS = NO;
				ENABLE_STRICT_OBJC_MSGSEND = YES;
				GCC_C_LANGUAGE_STANDARD = gnu99;
				GCC_NO_COMMON_BLOCKS = YES;
				GCC_WARN_64_TO_32_BIT_CONVERSION = YES;
				GCC_WARN_ABOUT_RETURN_TYPE = YES_ERROR;
				GCC_WARN_UNDECLARED_SELECTOR = YES;
				GCC_WARN_UNINITIALIZED_AUTOS = YES_AGGRESSIVE;
				GCC_WARN_UNUSED_FUNCTION = YES;
				GCC_WARN_UNUSED_VARIABLE = YES;
				IPHONEOS_DEPLOYMENT_TARGET = 8.4;
				MTL_ENABLE_DEBUG_INFO = NO;
				SDKROOT = iphoneos;
				TARGETED_DEVICE_FAMILY = "1,2";
				VALIDATE_PRODUCT = YES;
			};
			name = Release;
		};
		61658FF61B867C5D000CCC7A /* Debug */ = {
			isa = XCBuildConfiguration;
			buildSettings = {
				ASSETCATALOG_COMPILER_APPICON_NAME = AppIcon;
				INFOPLIST_FILE = MyKidTracker/Info.plist;
				LD_RUNPATH_SEARCH_PATHS = "$(inherited) @executable_path/Frameworks";
				PRODUCT_NAME = "$(TARGET_NAME)";
			};
			name = Debug;
		};
		61658FF71B867C5D000CCC7A /* Release */ = {
			isa = XCBuildConfiguration;
			buildSettings = {
				ASSETCATALOG_COMPILER_APPICON_NAME = AppIcon;
				INFOPLIST_FILE = MyKidTracker/Info.plist;
				LD_RUNPATH_SEARCH_PATHS = "$(inherited) @executable_path/Frameworks";
				PRODUCT_NAME = "$(TARGET_NAME)";
			};
			name = Release;
		};
		61658FF91B867C5D000CCC7A /* Debug */ = {
			isa = XCBuildConfiguration;
			buildSettings = {
				BUNDLE_LOADER = "$(TEST_HOST)";
				FRAMEWORK_SEARCH_PATHS = (
					"$(SDKROOT)/Developer/Library/Frameworks",
					"$(inherited)",
				);
				GCC_PREPROCESSOR_DEFINITIONS = (
					"DEBUG=1",
					"$(inherited)",
				);
				INFOPLIST_FILE = MyKidTrackerTests/Info.plist;
				LD_RUNPATH_SEARCH_PATHS = "$(inherited) @executable_path/Frameworks @loader_path/Frameworks";
				PRODUCT_NAME = "$(TARGET_NAME)";
				TEST_HOST = "$(BUILT_PRODUCTS_DIR)/MyKidTracker.app/MyKidTracker";
			};
			name = Debug;
		};
		61658FFA1B867C5D000CCC7A /* Release */ = {
			isa = XCBuildConfiguration;
			buildSettings = {
				BUNDLE_LOADER = "$(TEST_HOST)";
				FRAMEWORK_SEARCH_PATHS = (
					"$(SDKROOT)/Developer/Library/Frameworks",
					"$(inherited)",
				);
				INFOPLIST_FILE = MyKidTrackerTests/Info.plist;
				LD_RUNPATH_SEARCH_PATHS = "$(inherited) @executable_path/Frameworks @loader_path/Frameworks";
				PRODUCT_NAME = "$(TARGET_NAME)";
				TEST_HOST = "$(BUILT_PRODUCTS_DIR)/MyKidTracker.app/MyKidTracker";
			};
			name = Release;
		};
/* End XCBuildConfiguration section */

/* Begin XCConfigurationList section */
		61658FCD1B867C5D000CCC7A /* Build configuration list for PBXProject "MyKidTracker" */ = {
			isa = XCConfigurationList;
			buildConfigurations = (
				61658FF31B867C5D000CCC7A /* Debug */,
				61658FF41B867C5D000CCC7A /* Release */,
			);
			defaultConfigurationIsVisible = 0;
			defaultConfigurationName = Release;
		};
		61658FF51B867C5D000CCC7A /* Build configuration list for PBXNativeTarget "MyKidTracker" */ = {
			isa = XCConfigurationList;
			buildConfigurations = (
				61658FF61B867C5D000CCC7A /* Debug */,
				61658FF71B867C5D000CCC7A /* Release */,
			);
			defaultConfigurationIsVisible = 0;
			defaultConfigurationName = Release;
		};
		61658FF81B867C5D000CCC7A /* Build configuration list for PBXNativeTarget "MyKidTrackerTests" */ = {
			isa = XCConfigurationList;
			buildConfigurations = (
				61658FF91B867C5D000CCC7A /* Debug */,
				61658FFA1B867C5D000CCC7A /* Release */,
			);
			defaultConfigurationIsVisible = 0;
			defaultConfigurationName = Release;
		};
/* End XCConfigurationList section */

/* Begin XCVersionGroup section */
		616590171B868A7D000CCC7A /* Model.xcdatamodeld */ = {
			isa = XCVersionGroup;
			children = (
				616590181B868A7D000CCC7A /* Model.xcdatamodel */,
			);
			currentVersion = 616590181B868A7D000CCC7A /* Model.xcdatamodel */;
			path = Model.xcdatamodeld;
			sourceTree = "<group>";
			versionGroupType = wrapper.xcdatamodel;
		};
/* End XCVersionGroup section */
	};
	rootObject = 61658FCA1B867C5D000CCC7A /* Project object */;
}
